// !$*UTF8*$!
{
	archiveVersion = 1;
	classes = {
	};
	objectVersion = 50;
	objects = {

/* Begin PBXBuildFile section */
		285E9A052B59455100D4BE23 /* AppDelegate.swift in Sources */ = {isa = PBXBuildFile; fileRef = 285E9A042B59455100D4BE23 /* AppDelegate.swift */; };
		285E9A072B59455100D4BE23 /* SceneDelegate.swift in Sources */ = {isa = PBXBuildFile; fileRef = 285E9A062B59455100D4BE23 /* SceneDelegate.swift */; };
		285E9A092B59455100D4BE23 /* ContentView.swift in Sources */ = {isa = PBXBuildFile; fileRef = 285E9A082B59455100D4BE23 /* ContentView.swift */; };
		285E9A0B2B59455B00D4BE23 /* Assets.xcassets in Resources */ = {isa = PBXBuildFile; fileRef = 285E9A0A2B59455B00D4BE23 /* Assets.xcassets */; };
		285E9A0E2B59455B00D4BE23 /* Preview Assets.xcassets in Resources */ = {isa = PBXBuildFile; fileRef = 285E9A0D2B59455B00D4BE23 /* Preview Assets.xcassets */; };
		285E9A112B59455B00D4BE23 /* LaunchScreen.storyboard in Resources */ = {isa = PBXBuildFile; fileRef = 285E9A0F2B59455B00D4BE23 /* LaunchScreen.storyboard */; };
		285E9A1C2B59455C00D4BE23 /* LoginScreenTests.swift in Sources */ = {isa = PBXBuildFile; fileRef = 285E9A1B2B59455C00D4BE23 /* LoginScreenTests.swift */; };
		285E9A272B59455C00D4BE23 /* LoginScreenUITests.swift in Sources */ = {isa = PBXBuildFile; fileRef = 285E9A262B59455C00D4BE23 /* LoginScreenUITests.swift */; };
/* End PBXBuildFile section */

/* Begin PBXContainerItemProxy section */
		285E9A182B59455C00D4BE23 /* PBXContainerItemProxy */ = {
			isa = PBXContainerItemProxy;
			containerPortal = 285E99F92B59455100D4BE23 /* Project object */;
			proxyType = 1;
			remoteGlobalIDString = 285E9A002B59455100D4BE23;
			remoteInfo = LoginScreen;
		};
		285E9A232B59455C00D4BE23 /* PBXContainerItemProxy */ = {
			isa = PBXContainerItemProxy;
			containerPortal = 285E99F92B59455100D4BE23 /* Project object */;
			proxyType = 1;
			remoteGlobalIDString = 285E9A002B59455100D4BE23;
			remoteInfo = LoginScreen;
		};
/* End PBXContainerItemProxy section */

/* Begin PBXFileReference section */
		285E9A012B59455100D4BE23 /* LoginScreen.app */ = {isa = PBXFileReference; explicitFileType = wrapper.application; includeInIndex = 0; path = LoginScreen.app; sourceTree = BUILT_PRODUCTS_DIR; };
		285E9A042B59455100D4BE23 /* AppDelegate.swift */ = {isa = PBXFileReference; lastKnownFileType = sourcecode.swift; path = AppDelegate.swift; sourceTree = "<group>"; };
		285E9A062B59455100D4BE23 /* SceneDelegate.swift */ = {isa = PBXFileReference; lastKnownFileType = sourcecode.swift; path = SceneDelegate.swift; sourceTree = "<group>"; };
		285E9A082B59455100D4BE23 /* ContentView.swift */ = {isa = PBXFileReference; lastKnownFileType = sourcecode.swift; path = ContentView.swift; sourceTree = "<group>"; };
		285E9A0A2B59455B00D4BE23 /* Assets.xcassets */ = {isa = PBXFileReference; lastKnownFileType = folder.assetcatalog; path = Assets.xcassets; sourceTree = "<group>"; };
		285E9A0D2B59455B00D4BE23 /* Preview Assets.xcassets */ = {isa = PBXFileReference; lastKnownFileType = folder.assetcatalog; path = "Preview Assets.xcassets"; sourceTree = "<group>"; };
		285E9A102B59455B00D4BE23 /* Base */ = {isa = PBXFileReference; lastKnownFileType = file.storyboard; name = Base; path = Base.lproj/LaunchScreen.storyboard; sourceTree = "<group>"; };
		285E9A122B59455B00D4BE23 /* Info.plist */ = {isa = PBXFileReference; lastKnownFileType = text.plist.xml; path = Info.plist; sourceTree = "<group>"; };
		285E9A172B59455C00D4BE23 /* LoginScreenTests.xctest */ = {isa = PBXFileReference; explicitFileType = wrapper.cfbundle; includeInIndex = 0; path = LoginScreenTests.xctest; sourceTree = BUILT_PRODUCTS_DIR; };
		285E9A1B2B59455C00D4BE23 /* LoginScreenTests.swift */ = {isa = PBXFileReference; lastKnownFileType = sourcecode.swift; path = LoginScreenTests.swift; sourceTree = "<group>"; };
		285E9A1D2B59455C00D4BE23 /* Info.plist */ = {isa = PBXFileReference; lastKnownFileType = text.plist.xml; path = Info.plist; sourceTree = "<group>"; };
		285E9A222B59455C00D4BE23 /* LoginScreenUITests.xctest */ = {isa = PBXFileReference; explicitFileType = wrapper.cfbundle; includeInIndex = 0; path = LoginScreenUITests.xctest; sourceTree = BUILT_PRODUCTS_DIR; };
		285E9A262B59455C00D4BE23 /* LoginScreenUITests.swift */ = {isa = PBXFileReference; lastKnownFileType = sourcecode.swift; path = LoginScreenUITests.swift; sourceTree = "<group>"; };
		285E9A282B59455C00D4BE23 /* Info.plist */ = {isa = PBXFileReference; lastKnownFileType = text.plist.xml; path = Info.plist; sourceTree = "<group>"; };
/* End PBXFileReference section */

/* Begin PBXFrameworksBuildPhase section */
		285E99FE2B59455100D4BE23 /* Frameworks */ = {
			isa = PBXFrameworksBuildPhase;
			buildActionMask = 2147483647;
			files = (
			);
			runOnlyForDeploymentPostprocessing = 0;
		};
		285E9A142B59455C00D4BE23 /* Frameworks */ = {
			isa = PBXFrameworksBuildPhase;
			buildActionMask = 2147483647;
			files = (
			);
			runOnlyForDeploymentPostprocessing = 0;
		};
		285E9A1F2B59455C00D4BE23 /* Frameworks */ = {
			isa = PBXFrameworksBuildPhase;
			buildActionMask = 2147483647;
			files = (
			);
			runOnlyForDeploymentPostprocessing = 0;
		};
/* End PBXFrameworksBuildPhase section */

/* Begin PBXGroup section */
		285E99F82B59455100D4BE23 = {
			isa = PBXGroup;
			children = (
				285E9A032B59455100D4BE23 /* LoginScreen */,
				285E9A1A2B59455C00D4BE23 /* LoginScreenTests */,
				285E9A252B59455C00D4BE23 /* LoginScreenUITests */,
				285E9A022B59455100D4BE23 /* Products */,
			);
			sourceTree = "<group>";
		};
		285E9A022B59455100D4BE23 /* Products */ = {
			isa = PBXGroup;
			children = (
				285E9A012B59455100D4BE23 /* LoginScreen.app */,
				285E9A172B59455C00D4BE23 /* LoginScreenTests.xctest */,
				285E9A222B59455C00D4BE23 /* LoginScreenUITests.xctest */,
			);
			name = Products;
			sourceTree = "<group>";
		};
		285E9A032B59455100D4BE23 /* LoginScreen */ = {
			isa = PBXGroup;
			children = (
				285E9A042B59455100D4BE23 /* AppDelegate.swift */,
				285E9A062B59455100D4BE23 /* SceneDelegate.swift */,
				285E9A082B59455100D4BE23 /* ContentView.swift */,
				285E9A0A2B59455B00D4BE23 /* Assets.xcassets */,
				285E9A0F2B59455B00D4BE23 /* LaunchScreen.storyboard */,
				285E9A122B59455B00D4BE23 /* Info.plist */,
				285E9A0C2B59455B00D4BE23 /* Preview Content */,
			);
			path = LoginScreen;
			sourceTree = "<group>";
		};
		285E9A0C2B59455B00D4BE23 /* Preview Content */ = {
			isa = PBXGroup;
			children = (
				285E9A0D2B59455B00D4BE23 /* Preview Assets.xcassets */,
			);
			path = "Preview Content";
			sourceTree = "<group>";
		};
		285E9A1A2B59455C00D4BE23 /* LoginScreenTests */ = {
			isa = PBXGroup;
			children = (
				285E9A1B2B59455C00D4BE23 /* LoginScreenTests.swift */,
				285E9A1D2B59455C00D4BE23 /* Info.plist */,
			);
			path = LoginScreenTests;
			sourceTree = "<group>";
		};
		285E9A252B59455C00D4BE23 /* LoginScreenUITests */ = {
			isa = PBXGroup;
			children = (
				285E9A262B59455C00D4BE23 /* LoginScreenUITests.swift */,
				285E9A282B59455C00D4BE23 /* Info.plist */,
			);
			path = LoginScreenUITests;
			sourceTree = "<group>";
		};
/* End PBXGroup section */

/* Begin PBXNativeTarget section */
		285E9A002B59455100D4BE23 /* LoginScreen */ = {
			isa = PBXNativeTarget;
			buildConfigurationList = 285E9A2B2B59455C00D4BE23 /* Build configuration list for PBXNativeTarget "LoginScreen" */;
			buildPhases = (
				285E99FD2B59455100D4BE23 /* Sources */,
				285E99FE2B59455100D4BE23 /* Frameworks */,
				285E99FF2B59455100D4BE23 /* Resources */,
			);
			buildRules = (
			);
			dependencies = (
			);
			name = LoginScreen;
			productName = LoginScreen;
			productReference = 285E9A012B59455100D4BE23 /* LoginScreen.app */;
			productType = "com.apple.product-type.application";
		};
		285E9A162B59455C00D4BE23 /* LoginScreenTests */ = {
			isa = PBXNativeTarget;
			buildConfigurationList = 285E9A2E2B59455C00D4BE23 /* Build configuration list for PBXNativeTarget "LoginScreenTests" */;
			buildPhases = (
				285E9A132B59455C00D4BE23 /* Sources */,
				285E9A142B59455C00D4BE23 /* Frameworks */,
				285E9A152B59455C00D4BE23 /* Resources */,
			);
			buildRules = (
			);
			dependencies = (
				285E9A192B59455C00D4BE23 /* PBXTargetDependency */,
			);
			name = LoginScreenTests;
			productName = LoginScreenTests;
			productReference = 285E9A172B59455C00D4BE23 /* LoginScreenTests.xctest */;
			productType = "com.apple.product-type.bundle.unit-test";
		};
		285E9A212B59455C00D4BE23 /* LoginScreenUITests */ = {
			isa = PBXNativeTarget;
			buildConfigurationList = 285E9A312B59455C00D4BE23 /* Build configuration list for PBXNativeTarget "LoginScreenUITests" */;
			buildPhases = (
				285E9A1E2B59455C00D4BE23 /* Sources */,
				285E9A1F2B59455C00D4BE23 /* Frameworks */,
				285E9A202B59455C00D4BE23 /* Resources */,
			);
			buildRules = (
			);
			dependencies = (
				285E9A242B59455C00D4BE23 /* PBXTargetDependency */,
			);
			name = LoginScreenUITests;
			productName = LoginScreenUITests;
			productReference = 285E9A222B59455C00D4BE23 /* LoginScreenUITests.xctest */;
			productType = "com.apple.product-type.bundle.ui-testing";
		};
/* End PBXNativeTarget section */

/* Begin PBXProject section */
		285E99F92B59455100D4BE23 /* Project object */ = {
			isa = PBXProject;
			attributes = {
				LastSwiftUpdateCheck = 1250;
				LastUpgradeCheck = 1250;
				TargetAttributes = {
					285E9A002B59455100D4BE23 = {
						CreatedOnToolsVersion = 12.5.1;
					};
					285E9A162B59455C00D4BE23 = {
						CreatedOnToolsVersion = 12.5.1;
						TestTargetID = 285E9A002B59455100D4BE23;
					};
					285E9A212B59455C00D4BE23 = {
						CreatedOnToolsVersion = 12.5.1;
						TestTargetID = 285E9A002B59455100D4BE23;
					};
				};
			};
			buildConfigurationList = 285E99FC2B59455100D4BE23 /* Build configuration list for PBXProject "LoginScreen" */;
			compatibilityVersion = "Xcode 9.3";
			developmentRegion = en;
			hasScannedForEncodings = 0;
			knownRegions = (
				en,
				Base,
			);
			mainGroup = 285E99F82B59455100D4BE23;
			productRefGroup = 285E9A022B59455100D4BE23 /* Products */;
			projectDirPath = "";
			projectRoot = "";
			targets = (
				285E9A002B59455100D4BE23 /* LoginScreen */,
				285E9A162B59455C00D4BE23 /* LoginScreenTests */,
				285E9A212B59455C00D4BE23 /* LoginScreenUITests */,
			);
		};
/* End PBXProject section */

/* Begin PBXResourcesBuildPhase section */
		285E99FF2B59455100D4BE23 /* Resources */ = {
			isa = PBXResourcesBuildPhase;
			buildActionMask = 2147483647;
			files = (
				285E9A112B59455B00D4BE23 /* LaunchScreen.storyboard in Resources */,
				285E9A0E2B59455B00D4BE23 /* Preview Assets.xcassets in Resources */,
				285E9A0B2B59455B00D4BE23 /* Assets.xcassets in Resources */,
			);
			runOnlyForDeploymentPostprocessing = 0;
		};
		285E9A152B59455C00D4BE23 /* Resources */ = {
			isa = PBXResourcesBuildPhase;
			buildActionMask = 2147483647;
			files = (
			);
			runOnlyForDeploymentPostprocessing = 0;
		};
		285E9A202B59455C00D4BE23 /* Resources */ = {
			isa = PBXResourcesBuildPhase;
			buildActionMask = 2147483647;
			files = (
			);
			runOnlyForDeploymentPostprocessing = 0;
		};
/* End PBXResourcesBuildPhase section */

/* Begin PBXSourcesBuildPhase section */
		285E99FD2B59455100D4BE23 /* Sources */ = {
			isa = PBXSourcesBuildPhase;
			buildActionMask = 2147483647;
			files = (
				285E9A052B59455100D4BE23 /* AppDelegate.swift in Sources */,
				285E9A072B59455100D4BE23 /* SceneDelegate.swift in Sources */,
				285E9A092B59455100D4BE23 /* ContentView.swift in Sources */,
			);
			runOnlyForDeploymentPostprocessing = 0;
		};
		285E9A132B59455C00D4BE23 /* Sources */ = {
			isa = PBXSourcesBuildPhase;
			buildActionMask = 2147483647;
			files = (
				285E9A1C2B59455C00D4BE23 /* LoginScreenTests.swift in Sources */,
			);
			runOnlyForDeploymentPostprocessing = 0;
		};
		285E9A1E2B59455C00D4BE23 /* Sources */ = {
			isa = PBXSourcesBuildPhase;
			buildActionMask = 2147483647;
			files = (
				285E9A272B59455C00D4BE23 /* LoginScreenUITests.swift in Sources */,
			);
			runOnlyForDeploymentPostprocessing = 0;
		};
/* End PBXSourcesBuildPhase section */

/* Begin PBXTargetDependency section */
		285E9A192B59455C00D4BE23 /* PBXTargetDependency */ = {
			isa = PBXTargetDependency;
			target = 285E9A002B59455100D4BE23 /* LoginScreen */;
			targetProxy = 285E9A182B59455C00D4BE23 /* PBXContainerItemProxy */;
		};
		285E9A242B59455C00D4BE23 /* PBXTargetDependency */ = {
			isa = PBXTargetDependency;
			target = 285E9A002B59455100D4BE23 /* LoginScreen */;
			targetProxy = 285E9A232B59455C00D4BE23 /* PBXContainerItemProxy */;
		};
/* End PBXTargetDependency section */

/* Begin PBXVariantGroup section */
		285E9A0F2B59455B00D4BE23 /* LaunchScreen.storyboard */ = {
			isa = PBXVariantGroup;
			children = (
				285E9A102B59455B00D4BE23 /* Base */,
			);
			name = LaunchScreen.storyboard;
			sourceTree = "<group>";
		};
/* End PBXVariantGroup section */

/* Begin XCBuildConfiguration section */
		285E9A292B59455C00D4BE23 /* Debug */ = {
			isa = XCBuildConfiguration;
			buildSettings = {
				ALWAYS_SEARCH_USER_PATHS = NO;
				CLANG_ANALYZER_NONNULL = YES;
				CLANG_ANALYZER_NUMBER_OBJECT_CONVERSION = YES_AGGRESSIVE;
				CLANG_CXX_LANGUAGE_STANDARD = "gnu++14";
				CLANG_CXX_LIBRARY = "libc++";
				CLANG_ENABLE_MODULES = YES;
				CLANG_ENABLE_OBJC_ARC = YES;
				CLANG_ENABLE_OBJC_WEAK = YES;
				CLANG_WARN_BLOCK_CAPTURE_AUTORELEASING = YES;
				CLANG_WARN_BOOL_CONVERSION = YES;
				CLANG_WARN_COMMA = YES;
				CLANG_WARN_CONSTANT_CONVERSION = YES;
				CLANG_WARN_DEPRECATED_OBJC_IMPLEMENTATIONS = YES;
				CLANG_WARN_DIRECT_OBJC_ISA_USAGE = YES_ERROR;
				CLANG_WARN_DOCUMENTATION_COMMENTS = YES;
				CLANG_WARN_EMPTY_BODY = YES;
				CLANG_WARN_ENUM_CONVERSION = YES;
				CLANG_WARN_INFINITE_RECURSION = YES;
				CLANG_WARN_INT_CONVERSION = YES;
				CLANG_WARN_NON_LITERAL_NULL_CONVERSION = YES;
				CLANG_WARN_OBJC_IMPLICIT_RETAIN_SELF = YES;
				CLANG_WARN_OBJC_LITERAL_CONVERSION = YES;
				CLANG_WARN_OBJC_ROOT_CLASS = YES_ERROR;
				CLANG_WARN_QUOTED_INCLUDE_IN_FRAMEWORK_HEADER = YES;
				CLANG_WARN_RANGE_LOOP_ANALYSIS = YES;
				CLANG_WARN_STRICT_PROTOTYPES = YES;
				CLANG_WARN_SUSPICIOUS_MOVE = YES;
				CLANG_WARN_UNGUARDED_AVAILABILITY = YES_AGGRESSIVE;
				CLANG_WARN_UNREACHABLE_CODE = YES;
				CLANG_WARN__DUPLICATE_METHOD_MATCH = YES;
				COPY_PHASE_STRIP = NO;
				DEBUG_INFORMATION_FORMAT = dwarf;
				ENABLE_STRICT_OBJC_MSGSEND = YES;
				ENABLE_TESTABILITY = YES;
				GCC_C_LANGUAGE_STANDARD = gnu11;
				GCC_DYNAMIC_NO_PIC = NO;
				GCC_NO_COMMON_BLOCKS = YES;
				GCC_OPTIMIZATION_LEVEL = 0;
				GCC_PREPROCESSOR_DEFINITIONS = (
					"DEBUG=1",
					"$(inherited)",
				);
				GCC_WARN_64_TO_32_BIT_CONVERSION = YES;
				GCC_WARN_ABOUT_RETURN_TYPE = YES_ERROR;
				GCC_WARN_UNDECLARED_SELECTOR = YES;
				GCC_WARN_UNINITIALIZED_AUTOS = YES_AGGRESSIVE;
				GCC_WARN_UNUSED_FUNCTION = YES;
				GCC_WARN_UNUSED_VARIABLE = YES;
				IPHONEOS_DEPLOYMENT_TARGET = 14.5;
				MTL_ENABLE_DEBUG_INFO = INCLUDE_SOURCE;
				MTL_FAST_MATH = YES;
				ONLY_ACTIVE_ARCH = YES;
				SDKROOT = iphoneos;
				SWIFT_ACTIVE_COMPILATION_CONDITIONS = DEBUG;
				SWIFT_OPTIMIZATION_LEVEL = "-Onone";
			};
			name = Debug;
		};
		285E9A2A2B59455C00D4BE23 /* Release */ = {
			isa = XCBuildConfiguration;
			buildSettings = {
				ALWAYS_SEARCH_USER_PATHS = NO;
				CLANG_ANALYZER_NONNULL = YES;
				CLANG_ANALYZER_NUMBER_OBJECT_CONVERSION = YES_AGGRESSIVE;
				CLANG_CXX_LANGUAGE_STANDARD = "gnu++14";
				CLANG_CXX_LIBRARY = "libc++";
				CLANG_ENABLE_MODULES = YES;
				CLANG_ENABLE_OBJC_ARC = YES;
				CLANG_ENABLE_OBJC_WEAK = YES;
				CLANG_WARN_BLOCK_CAPTURE_AUTORELEASING = YES;
				CLANG_WARN_BOOL_CONVERSION = YES;
				CLANG_WARN_COMMA = YES;
				CLANG_WARN_CONSTANT_CONVERSION = YES;
				CLANG_WARN_DEPRECATED_OBJC_IMPLEMENTATIONS = YES;
				CLANG_WARN_DIRECT_OBJC_ISA_USAGE = YES_ERROR;
				CLANG_WARN_DOCUMENTATION_COMMENTS = YES;
				CLANG_WARN_EMPTY_BODY = YES;
				CLANG_WARN_ENUM_CONVERSION = YES;
				CLANG_WARN_INFINITE_RECURSION = YES;
				CLANG_WARN_INT_CONVERSION = YES;
				CLANG_WARN_NON_LITERAL_NULL_CONVERSION = YES;
				CLANG_WARN_OBJC_IMPLICIT_RETAIN_SELF = YES;
				CLANG_WARN_OBJC_LITERAL_CONVERSION = YES;
				CLANG_WARN_OBJC_ROOT_CLASS = YES_ERROR;
				CLANG_WARN_QUOTED_INCLUDE_IN_FRAMEWORK_HEADER = YES;
				CLANG_WARN_RANGE_LOOP_ANALYSIS = YES;
				CLANG_WARN_STRICT_PROTOTYPES = YES;
				CLANG_WARN_SUSPICIOUS_MOVE = YES;
				CLANG_WARN_UNGUARDED_AVAILABILITY = YES_AGGRESSIVE;
				CLANG_WARN_UNREACHABLE_CODE = YES;
				CLANG_WARN__DUPLICATE_METHOD_MATCH = YES;
				COPY_PHASE_STRIP = NO;
				DEBUG_INFORMATION_FORMAT = "dwarf-with-dsym";
				ENABLE_NS_ASSERTIONS = NO;
				ENABLE_STRICT_OBJC_MSGSEND = YES;
				GCC_C_LANGUAGE_STANDARD = gnu11;
				GCC_NO_COMMON_BLOCKS = YES;
				GCC_WARN_64_TO_32_BIT_CONVERSION = YES;
				GCC_WARN_ABOUT_RETURN_TYPE = YES_ERROR;
				GCC_WARN_UNDECLARED_SELECTOR = YES;
				GCC_WARN_UNINITIALIZED_AUTOS = YES_AGGRESSIVE;
				GCC_WARN_UNUSED_FUNCTION = YES;
				GCC_WARN_UNUSED_VARIABLE = YES;
				IPHONEOS_DEPLOYMENT_TARGET = 14.5;
				MTL_ENABLE_DEBUG_INFO = NO;
				MTL_FAST_MATH = YES;
				SDKROOT = iphoneos;
				SWIFT_COMPILATION_MODE = wholemodule;
				SWIFT_OPTIMIZATION_LEVEL = "-O";
				VALIDATE_PRODUCT = YES;
			};
			name = Release;
		};
		285E9A2C2B59455C00D4BE23 /* Debug */ = {
			isa = XCBuildConfiguration;
			buildSettings = {
				ASSETCATALOG_COMPILER_APPICON_NAME = AppIcon;
				ASSETCATALOG_COMPILER_GLOBAL_ACCENT_COLOR_NAME = AccentColor;
				CODE_SIGN_STYLE = Automatic;
				DEVELOPMENT_ASSET_PATHS = "\"LoginScreen/Preview Content\"";
				DEVELOPMENT_TEAM = D4AE72QMSM;
				ENABLE_PREVIEWS = YES;
				INFOPLIST_FILE = LoginScreen/Info.plist;
				LD_RUNPATH_SEARCH_PATHS = (
					"$(inherited)",
					"@executable_path/Frameworks",
				);
				PRODUCT_BUNDLE_IDENTIFIER = com.fpns.com.LoginScreen;
				PRODUCT_NAME = "$(TARGET_NAME)";
				SWIFT_VERSION = 5.0;
				TARGETED_DEVICE_FAMILY = "1,2";
			};
			name = Debug;
		};
		285E9A2D2B59455C00D4BE23 /* Release */ = {
			isa = XCBuildConfiguration;
			buildSettings = {
				ASSETCATALOG_COMPILER_APPICON_NAME = AppIcon;
				ASSETCATALOG_COMPILER_GLOBAL_ACCENT_COLOR_NAME = AccentColor;
				CODE_SIGN_STYLE = Automatic;
				DEVELOPMENT_ASSET_PATHS = "\"LoginScreen/Preview Content\"";
				DEVELOPMENT_TEAM = D4AE72QMSM;
				ENABLE_PREVIEWS = YES;
				INFOPLIST_FILE = LoginScreen/Info.plist;
				LD_RUNPATH_SEARCH_PATHS = (
					"$(inherited)",
					"@executable_path/Frameworks",
				);
				PRODUCT_BUNDLE_IDENTIFIER = com.fpns.com.LoginScreen;
				PRODUCT_NAME = "$(TARGET_NAME)";
				SWIFT_VERSION = 5.0;
				TARGETED_DEVICE_FAMILY = "1,2";
			};
			name = Release;
		};
		285E9A2F2B59455C00D4BE23 /* Debug */ = {
			isa = XCBuildConfiguration;
			buildSettings = {
				ALWAYS_EMBED_SWIFT_STANDARD_LIBRARIES = YES;
				BUNDLE_LOADER = "$(TEST_HOST)";
				CODE_SIGN_STYLE = Automatic;
				DEVELOPMENT_TEAM = D4AE72QMSM;
				INFOPLIST_FILE = LoginScreenTests/Info.plist;
				IPHONEOS_DEPLOYMENT_TARGET = 14.5;
				LD_RUNPATH_SEARCH_PATHS = (
					"$(inherited)",
					"@executable_path/Frameworks",
					"@loader_path/Frameworks",
				);
				PRODUCT_BUNDLE_IDENTIFIER = com.fpns.com.LoginScreenTests;
				PRODUCT_NAME = "$(TARGET_NAME)";
				SWIFT_VERSION = 5.0;
				TARGETED_DEVICE_FAMILY = "1,2";
				TEST_HOST = "$(BUILT_PRODUCTS_DIR)/LoginScreen.app/LoginScreen";
			};
			name = Debug;
		};
		285E9A302B59455C00D4BE23 /* Release */ = {
			isa = XCBuildConfiguration;
			buildSettings = {
				ALWAYS_EMBED_SWIFT_STANDARD_LIBRARIES = YES;
				BUNDLE_LOADER = "$(TEST_HOST)";
				CODE_SIGN_STYLE = Automatic;
				DEVELOPMENT_TEAM = D4AE72QMSM;
				INFOPLIST_FILE = LoginScreenTests/Info.plist;
				IPHONEOS_DEPLOYMENT_TARGET = 14.5;
				LD_RUNPATH_SEARCH_PATHS = (
					"$(inherited)",
					"@executable_path/Frameworks",
					"@loader_path/Frameworks",
				);
				PRODUCT_BUNDLE_IDENTIFIER = com.fpns.com.LoginScreenTests;
				PRODUCT_NAME = "$(TARGET_NAME)";
				SWIFT_VERSION = 5.0;
				TARGETED_DEVICE_FAMILY = "1,2";
				TEST_HOST = "$(BUILT_PRODUCTS_DIR)/LoginScreen.app/LoginScreen";
			};
			name = Release;
		};
		285E9A322B59455C00D4BE23 /* Debug */ = {
			isa = XCBuildConfiguration;
			buildSettings = {
				ALWAYS_EMBED_SWIFT_STANDARD_LIBRARIES = YES;
				CODE_SIGN_STYLE = Automatic;
				DEVELOPMENT_TEAM = D4AE72QMSM;
				INFOPLIST_FILE = LoginScreenUITests/Info.plist;
				LD_RUNPATH_SEARCH_PATHS = (
					"$(inherited)",
					"@executable_path/Frameworks",
					"@loader_path/Frameworks",
				);
				PRODUCT_BUNDLE_IDENTIFIER = com.fpns.com.LoginScreenUITests;
				PRODUCT_NAME = "$(TARGET_NAME)";
				SWIFT_VERSION = 5.0;
				TARGETED_DEVICE_FAMILY = "1,2";
				TEST_TARGET_NAME = LoginScreen;
			};
			name = Debug;
		};
		285E9A332B59455C00D4BE23 /* Release */ = {
			isa = XCBuildConfiguration;
			buildSettings = {
				ALWAYS_EMBED_SWIFT_STANDARD_LIBRARIES = YES;
				CODE_SIGN_STYLE = Automatic;
				DEVELOPMENT_TEAM = D4AE72QMSM;
				INFOPLIST_FILE = LoginScreenUITests/Info.plist;
				LD_RUNPATH_SEARCH_PATHS = (
					"$(inherited)",
					"@executable_path/Frameworks",
					"@loader_path/Frameworks",
				);
				PRODUCT_BUNDLE_IDENTIFIER = com.fpns.com.LoginScreenUITests;
				PRODUCT_NAME = "$(TARGET_NAME)";
				SWIFT_VERSION = 5.0;
				TARGETED_DEVICE_FAMILY = "1,2";
				TEST_TARGET_NAME = LoginScreen;
			};
			name = Release;
		};
/* End XCBuildConfiguration section */

/* Begin XCConfigurationList section */
		285E99FC2B59455100D4BE23 /* Build configuration list for PBXProject "LoginScreen" */ = {
			isa = XCConfigurationList;
			buildConfigurations = (
				285E9A292B59455C00D4BE23 /* Debug */,
				285E9A2A2B59455C00D4BE23 /* Release */,
			);
			defaultConfigurationIsVisible = 0;
			defaultConfigurationName = Release;
		};
		285E9A2B2B59455C00D4BE23 /* Build configuration list for PBXNativeTarget "LoginScreen" */ = {
			isa = XCConfigurationList;
			buildConfigurations = (
				285E9A2C2B59455C00D4BE23 /* Debug */,
				285E9A2D2B59455C00D4BE23 /* Release */,
			);
			defaultConfigurationIsVisible = 0;
			defaultConfigurationName = Release;
		};
		285E9A2E2B59455C00D4BE23 /* Build configuration list for PBXNativeTarget "LoginScreenTests" */ = {
			isa = XCConfigurationList;
			buildConfigurations = (
				285E9A2F2B59455C00D4BE23 /* Debug */,
				285E9A302B59455C00D4BE23 /* Release */,
			);
			defaultConfigurationIsVisible = 0;
			defaultConfigurationName = Release;
		};
		285E9A312B59455C00D4BE23 /* Build configuration list for PBXNativeTarget "LoginScreenUITests" */ = {
			isa = XCConfigurationList;
			buildConfigurations = (
				285E9A322B59455C00D4BE23 /* Debug */,
				285E9A332B59455C00D4BE23 /* Release */,
			);
			defaultConfigurationIsVisible = 0;
			defaultConfigurationName = Release;
		};
/* End XCConfigurationList section */
	};
	rootObject = 285E99F92B59455100D4BE23 /* Project object */;
}
