// !$*UTF8*$!
{
	archiveVersion = 1;
	classes = {
	};
	objectVersion = 50;
	objects = {

/* Begin PBXBuildFile section */
		28687FF52BC80B7800671D11 /* LaunchScreen.storyboard in Resources */ = {isa = PBXBuildFile; fileRef = 28687FF42BC80B7800671D11 /* LaunchScreen.storyboard */; };
		289F44482BAD7B5300FB1054 /* TodoListApp.swift in Sources */ = {isa = PBXBuildFile; fileRef = 289F44472BAD7B5300FB1054 /* TodoListApp.swift */; };
		289F444C2BAD7B5800FB1054 /* Assets.xcassets in Resources */ = {isa = PBXBuildFile; fileRef = 289F444B2BAD7B5800FB1054 /* Assets.xcassets */; };
		289F444F2BAD7B5800FB1054 /* Preview Assets.xcassets in Resources */ = {isa = PBXBuildFile; fileRef = 289F444E2BAD7B5800FB1054 /* Preview Assets.xcassets */; };
		289F44582BAD7FFC00FB1054 /* ListView.swift in Sources */ = {isa = PBXBuildFile; fileRef = 289F44572BAD7FFC00FB1054 /* ListView.swift */; };
		289F445A2BAD869500FB1054 /* ListRowView.swift in Sources */ = {isa = PBXBuildFile; fileRef = 289F44592BAD869500FB1054 /* ListRowView.swift */; };
		289F445C2BAD90B200FB1054 /* AddView.swift in Sources */ = {isa = PBXBuildFile; fileRef = 289F445B2BAD90B200FB1054 /* AddView.swift */; };
		289F445F2BADA3E800FB1054 /* ItemModel.swift in Sources */ = {isa = PBXBuildFile; fileRef = 289F445E2BADA3E800FB1054 /* ItemModel.swift */; };
		289F44622BADBCFF00FB1054 /* ListViewModel.swift in Sources */ = {isa = PBXBuildFile; fileRef = 289F44612BADBCFF00FB1054 /* ListViewModel.swift */; };
		28D17C0C2BC70E49003AC969 /* NoItemView.swift in Sources */ = {isa = PBXBuildFile; fileRef = 28D17C0B2BC70E49003AC969 /* NoItemView.swift */; };
/* End PBXBuildFile section */

/* Begin PBXFileReference section */
		28687FF42BC80B7800671D11 /* LaunchScreen.storyboard */ = {isa = PBXFileReference; lastKnownFileType = file.storyboard; path = LaunchScreen.storyboard; sourceTree = "<group>"; };
		289F44442BAD7B5300FB1054 /* TodoList.app */ = {isa = PBXFileReference; explicitFileType = wrapper.application; includeInIndex = 0; path = TodoList.app; sourceTree = BUILT_PRODUCTS_DIR; };
		289F44472BAD7B5300FB1054 /* TodoListApp.swift */ = {isa = PBXFileReference; lastKnownFileType = sourcecode.swift; path = TodoListApp.swift; sourceTree = "<group>"; };
		289F444B2BAD7B5800FB1054 /* Assets.xcassets */ = {isa = PBXFileReference; lastKnownFileType = folder.assetcatalog; path = Assets.xcassets; sourceTree = "<group>"; };
		289F444E2BAD7B5800FB1054 /* Preview Assets.xcassets */ = {isa = PBXFileReference; lastKnownFileType = folder.assetcatalog; path = "Preview Assets.xcassets"; sourceTree = "<group>"; };
		289F44502BAD7B5800FB1054 /* Info.plist */ = {isa = PBXFileReference; lastKnownFileType = text.plist.xml; path = Info.plist; sourceTree = "<group>"; };
		289F44572BAD7FFC00FB1054 /* ListView.swift */ = {isa = PBXFileReference; lastKnownFileType = sourcecode.swift; path = ListView.swift; sourceTree = "<group>"; };
		289F44592BAD869500FB1054 /* ListRowView.swift */ = {isa = PBXFileReference; lastKnownFileType = sourcecode.swift; path = ListRowView.swift; sourceTree = "<group>"; };
		289F445B2BAD90B200FB1054 /* AddView.swift */ = {isa = PBXFileReference; lastKnownFileType = sourcecode.swift; path = AddView.swift; sourceTree = "<group>"; };
		289F445E2BADA3E800FB1054 /* ItemModel.swift */ = {isa = PBXFileReference; lastKnownFileType = sourcecode.swift; path = ItemModel.swift; sourceTree = "<group>"; };
		289F44612BADBCFF00FB1054 /* ListViewModel.swift */ = {isa = PBXFileReference; lastKnownFileType = sourcecode.swift; path = ListViewModel.swift; sourceTree = "<group>"; };
		28D17C0B2BC70E49003AC969 /* NoItemView.swift */ = {isa = PBXFileReference; lastKnownFileType = sourcecode.swift; path = NoItemView.swift; sourceTree = "<group>"; };
/* End PBXFileReference section */

/* Begin PBXFrameworksBuildPhase section */
		289F44412BAD7B5300FB1054 /* Frameworks */ = {
			isa = PBXFrameworksBuildPhase;
			buildActionMask = 2147483647;
			files = (
			);
			runOnlyForDeploymentPostprocessing = 0;
		};
/* End PBXFrameworksBuildPhase section */

/* Begin PBXGroup section */
		289F443B2BAD7B5300FB1054 = {
			isa = PBXGroup;
			children = (
				289F44462BAD7B5300FB1054 /* TodoList */,
				289F44452BAD7B5300FB1054 /* Products */,
			);
			sourceTree = "<group>";
		};
		289F44452BAD7B5300FB1054 /* Products */ = {
			isa = PBXGroup;
			children = (
				289F44442BAD7B5300FB1054 /* TodoList.app */,
			);
			name = Products;
			sourceTree = "<group>";
		};
		289F44462BAD7B5300FB1054 /* TodoList */ = {
			isa = PBXGroup;
			children = (
				289F445D2BAD9E5900FB1054 /* Model */,
				289F44602BADBCC700FB1054 /* ViewModel */,
				289F44562BAD7FC700FB1054 /* View */,
				289F44472BAD7B5300FB1054 /* TodoListApp.swift */,
				289F444B2BAD7B5800FB1054 /* Assets.xcassets */,
				289F44502BAD7B5800FB1054 /* Info.plist */,
				289F444D2BAD7B5800FB1054 /* Preview Content */,
			);
			path = TodoList;
			sourceTree = "<group>";
		};
		289F444D2BAD7B5800FB1054 /* Preview Content */ = {
			isa = PBXGroup;
			children = (
				289F444E2BAD7B5800FB1054 /* Preview Assets.xcassets */,
			);
			path = "Preview Content";
			sourceTree = "<group>";
		};
		289F44562BAD7FC700FB1054 /* View */ = {
			isa = PBXGroup;
			children = (
				289F44572BAD7FFC00FB1054 /* ListView.swift */,
				28687FF42BC80B7800671D11 /* LaunchScreen.storyboard */,
				289F44592BAD869500FB1054 /* ListRowView.swift */,
				289F445B2BAD90B200FB1054 /* AddView.swift */,
				28D17C0B2BC70E49003AC969 /* NoItemView.swift */,
			);
			path = View;
			sourceTree = "<group>";
		};
		289F445D2BAD9E5900FB1054 /* Model */ = {
			isa = PBXGroup;
			children = (
				289F445E2BADA3E800FB1054 /* ItemModel.swift */,
			);
			path = Model;
			sourceTree = "<group>";
		};
		289F44602BADBCC700FB1054 /* ViewModel */ = {
			isa = PBXGroup;
			children = (
				289F44612BADBCFF00FB1054 /* ListViewModel.swift */,
			);
			path = ViewModel;
			sourceTree = "<group>";
		};
/* End PBXGroup section */

/* Begin PBXNativeTarget section */
		289F44432BAD7B5300FB1054 /* TodoList */ = {
			isa = PBXNativeTarget;
			buildConfigurationList = 289F44532BAD7B5800FB1054 /* Build configuration list for PBXNativeTarget "TodoList" */;
			buildPhases = (
				289F44402BAD7B5300FB1054 /* Sources */,
				289F44412BAD7B5300FB1054 /* Frameworks */,
				289F44422BAD7B5300FB1054 /* Resources */,
			);
			buildRules = (
			);
			dependencies = (
			);
			name = TodoList;
			productName = TodoList;
			productReference = 289F44442BAD7B5300FB1054 /* TodoList.app */;
			productType = "com.apple.product-type.application";
		};
/* End PBXNativeTarget section */

/* Begin PBXProject section */
		289F443C2BAD7B5300FB1054 /* Project object */ = {
			isa = PBXProject;
			attributes = {
				LastSwiftUpdateCheck = 1250;
				LastUpgradeCheck = 1250;
				TargetAttributes = {
					289F44432BAD7B5300FB1054 = {
						CreatedOnToolsVersion = 12.5.1;
					};
				};
			};
			buildConfigurationList = 289F443F2BAD7B5300FB1054 /* Build configuration list for PBXProject "TodoList" */;
			compatibilityVersion = "Xcode 9.3";
			developmentRegion = en;
			hasScannedForEncodings = 0;
			knownRegions = (
				en,
				Base,
			);
			mainGroup = 289F443B2BAD7B5300FB1054;
			productRefGroup = 289F44452BAD7B5300FB1054 /* Products */;
			projectDirPath = "";
			projectRoot = "";
			targets = (
				289F44432BAD7B5300FB1054 /* TodoList */,
			);
		};
/* End PBXProject section */

/* Begin PBXResourcesBuildPhase section */
		289F44422BAD7B5300FB1054 /* Resources */ = {
			isa = PBXResourcesBuildPhase;
			buildActionMask = 2147483647;
			files = (
				28687FF52BC80B7800671D11 /* LaunchScreen.storyboard in Resources */,
				289F444F2BAD7B5800FB1054 /* Preview Assets.xcassets in Resources */,
				289F444C2BAD7B5800FB1054 /* Assets.xcassets in Resources */,
			);
			runOnlyForDeploymentPostprocessing = 0;
		};
/* End PBXResourcesBuildPhase section */

/* Begin PBXSourcesBuildPhase section */
		289F44402BAD7B5300FB1054 /* Sources */ = {
			isa = PBXSourcesBuildPhase;
			buildActionMask = 2147483647;
			files = (
				289F445F2BADA3E800FB1054 /* ItemModel.swift in Sources */,
				28D17C0C2BC70E49003AC969 /* NoItemView.swift in Sources */,
				289F445C2BAD90B200FB1054 /* AddView.swift in Sources */,
				289F44622BADBCFF00FB1054 /* ListViewModel.swift in Sources */,
				289F44482BAD7B5300FB1054 /* TodoListApp.swift in Sources */,
				289F44582BAD7FFC00FB1054 /* ListView.swift in Sources */,
				289F445A2BAD869500FB1054 /* ListRowView.swift in Sources */,
			);
			runOnlyForDeploymentPostprocessing = 0;
		};
/* End PBXSourcesBuildPhase section */

/* Begin XCBuildConfiguration section */
		289F44512BAD7B5800FB1054 /* Debug */ = {
			isa = XCBuildConfiguration;
			buildSettings = {
				ALWAYS_SEARCH_USER_PATHS = NO;
				CLANG_ANALYZER_NONNULL = YES;
				CLANG_ANALYZER_NUMBER_OBJECT_CONVERSION = YES_AGGRESSIVE;
				CLANG_CXX_LANGUAGE_STANDARD = "gnu++14";
				CLANG_CXX_LIBRARY = "libc++";
				CLANG_ENABLE_MODULES = YES;
				CLANG_ENABLE_OBJC_ARC = YES;
				CLANG_ENABLE_OBJC_WEAK = YES;
				CLANG_WARN_BLOCK_CAPTURE_AUTORELEASING = YES;
				CLANG_WARN_BOOL_CONVERSION = YES;
				CLANG_WARN_COMMA = YES;
				CLANG_WARN_CONSTANT_CONVERSION = YES;
				CLANG_WARN_DEPRECATED_OBJC_IMPLEMENTATIONS = YES;
				CLANG_WARN_DIRECT_OBJC_ISA_USAGE = YES_ERROR;
				CLANG_WARN_DOCUMENTATION_COMMENTS = YES;
				CLANG_WARN_EMPTY_BODY = YES;
				CLANG_WARN_ENUM_CONVERSION = YES;
				CLANG_WARN_INFINITE_RECURSION = YES;
				CLANG_WARN_INT_CONVERSION = YES;
				CLANG_WARN_NON_LITERAL_NULL_CONVERSION = YES;
				CLANG_WARN_OBJC_IMPLICIT_RETAIN_SELF = YES;
				CLANG_WARN_OBJC_LITERAL_CONVERSION = YES;
				CLANG_WARN_OBJC_ROOT_CLASS = YES_ERROR;
				CLANG_WARN_QUOTED_INCLUDE_IN_FRAMEWORK_HEADER = YES;
				CLANG_WARN_RANGE_LOOP_ANALYSIS = YES;
				CLANG_WARN_STRICT_PROTOTYPES = YES;
				CLANG_WARN_SUSPICIOUS_MOVE = YES;
				CLANG_WARN_UNGUARDED_AVAILABILITY = YES_AGGRESSIVE;
				CLANG_WARN_UNREACHABLE_CODE = YES;
				CLANG_WARN__DUPLICATE_METHOD_MATCH = YES;
				COPY_PHASE_STRIP = NO;
				DEBUG_INFORMATION_FORMAT = dwarf;
				ENABLE_STRICT_OBJC_MSGSEND = YES;
				ENABLE_TESTABILITY = YES;
				GCC_C_LANGUAGE_STANDARD = gnu11;
				GCC_DYNAMIC_NO_PIC = NO;
				GCC_NO_COMMON_BLOCKS = YES;
				GCC_OPTIMIZATION_LEVEL = 0;
				GCC_PREPROCESSOR_DEFINITIONS = (
					"DEBUG=1",
					"$(inherited)",
				);
				GCC_WARN_64_TO_32_BIT_CONVERSION = YES;
				GCC_WARN_ABOUT_RETURN_TYPE = YES_ERROR;
				GCC_WARN_UNDECLARED_SELECTOR = YES;
				GCC_WARN_UNINITIALIZED_AUTOS = YES_AGGRESSIVE;
				GCC_WARN_UNUSED_FUNCTION = YES;
				GCC_WARN_UNUSED_VARIABLE = YES;
				IPHONEOS_DEPLOYMENT_TARGET = 14.5;
				MTL_ENABLE_DEBUG_INFO = INCLUDE_SOURCE;
				MTL_FAST_MATH = YES;
				ONLY_ACTIVE_ARCH = YES;
				SDKROOT = iphoneos;
				SWIFT_ACTIVE_COMPILATION_CONDITIONS = DEBUG;
				SWIFT_OPTIMIZATION_LEVEL = "-Onone";
			};
			name = Debug;
		};
		289F44522BAD7B5800FB1054 /* Release */ = {
			isa = XCBuildConfiguration;
			buildSettings = {
				ALWAYS_SEARCH_USER_PATHS = NO;
				CLANG_ANALYZER_NONNULL = YES;
				CLANG_ANALYZER_NUMBER_OBJECT_CONVERSION = YES_AGGRESSIVE;
				CLANG_CXX_LANGUAGE_STANDARD = "gnu++14";
				CLANG_CXX_LIBRARY = "libc++";
				CLANG_ENABLE_MODULES = YES;
				CLANG_ENABLE_OBJC_ARC = YES;
				CLANG_ENABLE_OBJC_WEAK = YES;
				CLANG_WARN_BLOCK_CAPTURE_AUTORELEASING = YES;
				CLANG_WARN_BOOL_CONVERSION = YES;
				CLANG_WARN_COMMA = YES;
				CLANG_WARN_CONSTANT_CONVERSION = YES;
				CLANG_WARN_DEPRECATED_OBJC_IMPLEMENTATIONS = YES;
				CLANG_WARN_DIRECT_OBJC_ISA_USAGE = YES_ERROR;
				CLANG_WARN_DOCUMENTATION_COMMENTS = YES;
				CLANG_WARN_EMPTY_BODY = YES;
				CLANG_WARN_ENUM_CONVERSION = YES;
				CLANG_WARN_INFINITE_RECURSION = YES;
				CLANG_WARN_INT_CONVERSION = YES;
				CLANG_WARN_NON_LITERAL_NULL_CONVERSION = YES;
				CLANG_WARN_OBJC_IMPLICIT_RETAIN_SELF = YES;
				CLANG_WARN_OBJC_LITERAL_CONVERSION = YES;
				CLANG_WARN_OBJC_ROOT_CLASS = YES_ERROR;
				CLANG_WARN_QUOTED_INCLUDE_IN_FRAMEWORK_HEADER = YES;
				CLANG_WARN_RANGE_LOOP_ANALYSIS = YES;
				CLANG_WARN_STRICT_PROTOTYPES = YES;
				CLANG_WARN_SUSPICIOUS_MOVE = YES;
				CLANG_WARN_UNGUARDED_AVAILABILITY = YES_AGGRESSIVE;
				CLANG_WARN_UNREACHABLE_CODE = YES;
				CLANG_WARN__DUPLICATE_METHOD_MATCH = YES;
				COPY_PHASE_STRIP = NO;
				DEBUG_INFORMATION_FORMAT = "dwarf-with-dsym";
				ENABLE_NS_ASSERTIONS = NO;
				ENABLE_STRICT_OBJC_MSGSEND = YES;
				GCC_C_LANGUAGE_STANDARD = gnu11;
				GCC_NO_COMMON_BLOCKS = YES;
				GCC_WARN_64_TO_32_BIT_CONVERSION = YES;
				GCC_WARN_ABOUT_RETURN_TYPE = YES_ERROR;
				GCC_WARN_UNDECLARED_SELECTOR = YES;
				GCC_WARN_UNINITIALIZED_AUTOS = YES_AGGRESSIVE;
				GCC_WARN_UNUSED_FUNCTION = YES;
				GCC_WARN_UNUSED_VARIABLE = YES;
				IPHONEOS_DEPLOYMENT_TARGET = 14.5;
				MTL_ENABLE_DEBUG_INFO = NO;
				MTL_FAST_MATH = YES;
				SDKROOT = iphoneos;
				SWIFT_COMPILATION_MODE = wholemodule;
				SWIFT_OPTIMIZATION_LEVEL = "-O";
				VALIDATE_PRODUCT = YES;
			};
			name = Release;
		};
		289F44542BAD7B5800FB1054 /* Debug */ = {
			isa = XCBuildConfiguration;
			buildSettings = {
				ASSETCATALOG_COMPILER_APPICON_NAME = AppIcon;
				ASSETCATALOG_COMPILER_GLOBAL_ACCENT_COLOR_NAME = AccentColor;
				CODE_SIGN_STYLE = Automatic;
				DEVELOPMENT_ASSET_PATHS = "\"TodoList/Preview Content\"";
				DEVELOPMENT_TEAM = D4AE72QMSM;
				ENABLE_PREVIEWS = YES;
				INFOPLIST_FILE = TodoList/Info.plist;
				IPHONEOS_DEPLOYMENT_TARGET = 14.0;
				LD_RUNPATH_SEARCH_PATHS = (
					"$(inherited)",
					"@executable_path/Frameworks",
				);
				PRODUCT_BUNDLE_IDENTIFIER = com.fpns.com.TodoList;
				PRODUCT_NAME = "$(TARGET_NAME)";
				SWIFT_VERSION = 5.0;
				TARGETED_DEVICE_FAMILY = "1,2";
			};
			name = Debug;
		};
		289F44552BAD7B5800FB1054 /* Release */ = {
			isa = XCBuildConfiguration;
			buildSettings = {
				ASSETCATALOG_COMPILER_APPICON_NAME = AppIcon;
				ASSETCATALOG_COMPILER_GLOBAL_ACCENT_COLOR_NAME = AccentColor;
				CODE_SIGN_STYLE = Automatic;
				DEVELOPMENT_ASSET_PATHS = "\"TodoList/Preview Content\"";
				DEVELOPMENT_TEAM = D4AE72QMSM;
				ENABLE_PREVIEWS = YES;
				INFOPLIST_FILE = TodoList/Info.plist;
				IPHONEOS_DEPLOYMENT_TARGET = 14.0;
				LD_RUNPATH_SEARCH_PATHS = (
					"$(inherited)",
					"@executable_path/Frameworks",
				);
				PRODUCT_BUNDLE_IDENTIFIER = com.fpns.com.TodoList;
				PRODUCT_NAME = "$(TARGET_NAME)";
				SWIFT_VERSION = 5.0;
				TARGETED_DEVICE_FAMILY = "1,2";
			};
			name = Release;
		};
/* End XCBuildConfiguration section */

/* Begin XCConfigurationList section */
		289F443F2BAD7B5300FB1054 /* Build configuration list for PBXProject "TodoList" */ = {
			isa = XCConfigurationList;
			buildConfigurations = (
				289F44512BAD7B5800FB1054 /* Debug */,
				289F44522BAD7B5800FB1054 /* Release */,
			);
			defaultConfigurationIsVisible = 0;
			defaultConfigurationName = Release;
		};
		289F44532BAD7B5800FB1054 /* Build configuration list for PBXNativeTarget "TodoList" */ = {
			isa = XCConfigurationList;
			buildConfigurations = (
				289F44542BAD7B5800FB1054 /* Debug */,
				289F44552BAD7B5800FB1054 /* Release */,
			);
			defaultConfigurationIsVisible = 0;
			defaultConfigurationName = Release;
		};
/* End XCConfigurationList section */
	};
	rootObject = 289F443C2BAD7B5300FB1054 /* Project object */;
}
